
Microsoft Visual Studio Solution File, Format Version 12.00
# Visual Studio Version 16
VisualStudioVersion = 16.0.33529.622
MinimumVisualStudioVersion = 10.0.40219.1
Project("{9A19103F-16F7-4668-BE54-9A1E7A4F7556}") = "WWAG_RandomPotato", "WWAG_RandomPotato.csproj", "{5B7DE133-02B6-4756-BA1D-5D9D0E571369}"
EndProject
Global
	GlobalSection(SolutionConfigurationPlatforms) = preSolution
		Debug|Any CPU = Debug|Any CPU
		Release|Any CPU = Release|Any CPU
	EndGlobalSection
	GlobalSection(ProjectConfigurationPlatforms) = postSolution
		{5B7DE133-02B6-4756-BA1D-5D9D0E571369}.Debug|Any CPU.ActiveCfg = Debug|Any CPU
		{5B7DE133-02B6-4756-BA1D-5D9D0E571369}.Debug|Any CPU.Build.0 = Debug|Any CPU
		{5B7DE133-02B6-4756-BA1D-5D9D0E571369}.Release|Any CPU.ActiveCfg = Release|Any CPU
		{5B7DE133-02B6-4756-BA1D-5D9D0E571369}.Release|Any CPU.Build.0 = Release|Any CPU
	EndGlobalSection
	GlobalSection(SolutionProperties) = preSolution
		HideSolutionNode = FALSE
	EndGlobalSection
	GlobalSection(ExtensibilityGlobals) = postSolution
		SolutionGuid = {AC724872-34DA-40EB-84AA-813262756AC9}
	EndGlobalSection
EndGlobal
